
Microsoft Visual Studio Solution File, Format Version 12.00
# Visual Studio Version 16
VisualStudioVersion = 16.0.31729.503
MinimumVisualStudioVersion = 10.0.40219.1
Project("{9A19103F-16F7-4668-BE54-9A1E7A4F7556}") = "MVC_UI", "MVC_UI.csproj", "{FFC47BDD-DF34-477A-8EB9-FAF3BD103219}"
EndProject
Project("{9A19103F-16F7-4668-BE54-9A1E7A4F7556}") = "wwe", "..\wwe\wwe\wwe.csproj", "{AAA60941-98F9-4193-A1A3-F96510CD757B}"
EndProject
Global
	GlobalSection(SolutionConfigurationPlatforms) = preSolution
		Debug|Any CPU = Debug|Any CPU
		Release|Any CPU = Release|Any CPU
	EndGlobalSection
	GlobalSection(ProjectConfigurationPlatforms) = postSolution
		{FFC47BDD-DF34-477A-8EB9-FAF3BD103219}.Debug|Any CPU.ActiveCfg = Debug|Any CPU
		{FFC47BDD-DF34-477A-8EB9-FAF3BD103219}.Debug|Any CPU.Build.0 = Debug|Any CPU
		{FFC47BDD-DF34-477A-8EB9-FAF3BD103219}.Release|Any CPU.ActiveCfg = Release|Any CPU
		{FFC47BDD-DF34-477A-8EB9-FAF3BD103219}.Release|Any CPU.Build.0 = Release|Any CPU
		{AAA60941-98F9-4193-A1A3-F96510CD757B}.Debug|Any CPU.ActiveCfg = Debug|Any CPU
		{AAA60941-98F9-4193-A1A3-F96510CD757B}.Debug|Any CPU.Build.0 = Debug|Any CPU
		{AAA60941-98F9-4193-A1A3-F96510CD757B}.Release|Any CPU.ActiveCfg = Release|Any CPU
		{AAA60941-98F9-4193-A1A3-F96510CD757B}.Release|Any CPU.Build.0 = Release|Any CPU
	EndGlobalSection
	GlobalSection(SolutionProperties) = preSolution
		HideSolutionNode = FALSE
	EndGlobalSection
	GlobalSection(ExtensibilityGlobals) = postSolution
		SolutionGuid = {A90DE8C7-3086-4203-BC1F-6DF26A93151A}
	EndGlobalSection
EndGlobal
